
Microsoft Visual Studio Solution File, Format Version 12.00
# Visual Studio Version 17
VisualStudioVersion = 17.4.33122.133
MinimumVisualStudioVersion = 10.0.40219.1
Project("{FAE04EC0-301F-11D3-BF4B-00C04F79EFBC}") = "TodoApi", "TodoApi.csproj", "{7E73C0BE-0932-4C8C-9CD5-9568D5980E4E}"
EndProject
Global
	GlobalSection(SolutionConfigurationPlatforms) = preSolution
		Debug|Any CPU = Debug|Any CPU
		Release|Any CPU = Release|Any CPU
	EndGlobalSection
	GlobalSection(ProjectConfigurationPlatforms) = postSolution
		{7E73C0BE-0932-4C8C-9CD5-9568D5980E4E}.Debug|Any CPU.ActiveCfg = Debug|Any CPU
		{7E73C0BE-0932-4C8C-9CD5-9568D5980E4E}.Debug|Any CPU.Build.0 = Debug|Any CPU
		{7E73C0BE-0932-4C8C-9CD5-9568D5980E4E}.Release|Any CPU.ActiveCfg = Release|Any CPU
		{7E73C0BE-0932-4C8C-9CD5-9568D5980E4E}.Release|Any CPU.Build.0 = Release|Any CPU
	EndGlobalSection
	GlobalSection(SolutionProperties) = preSolution
		HideSolutionNode = FALSE
	EndGlobalSection
	GlobalSection(ExtensibilityGlobals) = postSolution
		SolutionGuid = {96B930A9-4AAE-4E04-BBE7-2A1EE278D493}
	EndGlobalSection
EndGlobal
